
Microsoft Visual Studio Solution File, Format Version 12.00
# Visual Studio Version 16
VisualStudioVersion = 16.0.31729.503
MinimumVisualStudioVersion = 10.0.40219.1
Project("{FAE04EC0-301F-11D3-BF4B-00C04F79EFBC}") = "SymmetricPart2", "SymmetricPart2\SymmetricPart2.csproj", "{DA323395-FB93-4EA9-924F-27308E08206E}"
EndProject
Global
	GlobalSection(SolutionConfigurationPlatforms) = preSolution
		Debug|Any CPU = Debug|Any CPU
		Release|Any CPU = Release|Any CPU
	EndGlobalSection
	GlobalSection(ProjectConfigurationPlatforms) = postSolution
		{DA323395-FB93-4EA9-924F-27308E08206E}.Debug|Any CPU.ActiveCfg = Debug|Any CPU
		{DA323395-FB93-4EA9-924F-27308E08206E}.Debug|Any CPU.Build.0 = Debug|Any CPU
		{DA323395-FB93-4EA9-924F-27308E08206E}.Release|Any CPU.ActiveCfg = Release|Any CPU
		{DA323395-FB93-4EA9-924F-27308E08206E}.Release|Any CPU.Build.0 = Release|Any CPU
	EndGlobalSection
	GlobalSection(SolutionProperties) = preSolution
		HideSolutionNode = FALSE
	EndGlobalSection
	GlobalSection(ExtensibilityGlobals) = postSolution
		SolutionGuid = {03835AFE-E6DE-4FD4-8054-3F848B51EB7A}
	EndGlobalSection
EndGlobal
